
Microsoft Visual Studio Solution File, Format Version 12.00
# Visual Studio Version 17
VisualStudioVersion = 17.3.32901.215
MinimumVisualStudioVersion = 10.0.40219.1
Project("{9A19103F-16F7-4668-BE54-9A1E7A4F7556}") = "WebAppFriends", "WebAppFriends.csproj", "{D9246FFD-1DA8-4E5F-B6EC-8D2E310DC7B1}"
EndProject
Project("{2150E333-8FDC-42A3-9474-1A3956D46DE8}") = "Source", "Source", "{17849722-6E2E-4665-9220-910DC89AD2CA}"
EndProject
Project("{2150E333-8FDC-42A3-9474-1A3956D46DE8}") = "Core", "Core", "{803D5D5C-D4A0-4C1A-974A-EBC7D73FE9A4}"
EndProject
Project("{2150E333-8FDC-42A3-9474-1A3956D46DE8}") = "Infrastructure", "Infrastructure", "{D43E04E4-BEA4-4D53-B3D5-07492F5EFC20}"
EndProject
Project("{2150E333-8FDC-42A3-9474-1A3956D46DE8}") = "WebApp", "WebApp", "{42E5AF2F-2D7C-4B34-8DC8-AF7233ED04DE}"
EndProject
Project("{9A19103F-16F7-4668-BE54-9A1E7A4F7556}") = "Friends.Core.Application", "..\Friends.Core.Application\Friends.Core.Application.csproj", "{08FDED4C-2207-4BBD-8A8C-1BC1FAD952F0}"
EndProject
Project("{9A19103F-16F7-4668-BE54-9A1E7A4F7556}") = "Friends.Core.Domain", "..\Friends.Core.Domain\Friends.Core.Domain.csproj", "{DFE3CB6C-9FFE-428E-A44C-D1AA30496D5C}"
EndProject
Project("{9A19103F-16F7-4668-BE54-9A1E7A4F7556}") = "Friends.Infrastructure.Persistence", "..\Friends.Infrastructure.Persistence\Friends.Infrastructure.Persistence.csproj", "{E7B37753-FE64-4203-8513-ECF9EDB04BCD}"
EndProject
Project("{FAE04EC0-301F-11D3-BF4B-00C04F79EFBC}") = "Friends.Infrastructure.Shared", "..\Friends.Infrastructure.Shared\Friends.Infrastructure.Shared.csproj", "{449DE00B-44D6-4820-9073-D4C6A422F1FA}"
EndProject
Global
	GlobalSection(SolutionConfigurationPlatforms) = preSolution
		Debug|Any CPU = Debug|Any CPU
		Release|Any CPU = Release|Any CPU
	EndGlobalSection
	GlobalSection(ProjectConfigurationPlatforms) = postSolution
		{D9246FFD-1DA8-4E5F-B6EC-8D2E310DC7B1}.Debug|Any CPU.ActiveCfg = Debug|Any CPU
		{D9246FFD-1DA8-4E5F-B6EC-8D2E310DC7B1}.Debug|Any CPU.Build.0 = Debug|Any CPU
		{D9246FFD-1DA8-4E5F-B6EC-8D2E310DC7B1}.Release|Any CPU.ActiveCfg = Release|Any CPU
		{D9246FFD-1DA8-4E5F-B6EC-8D2E310DC7B1}.Release|Any CPU.Build.0 = Release|Any CPU
		{08FDED4C-2207-4BBD-8A8C-1BC1FAD952F0}.Debug|Any CPU.ActiveCfg = Debug|Any CPU
		{08FDED4C-2207-4BBD-8A8C-1BC1FAD952F0}.Debug|Any CPU.Build.0 = Debug|Any CPU
		{08FDED4C-2207-4BBD-8A8C-1BC1FAD952F0}.Release|Any CPU.ActiveCfg = Release|Any CPU
		{08FDED4C-2207-4BBD-8A8C-1BC1FAD952F0}.Release|Any CPU.Build.0 = Release|Any CPU
		{DFE3CB6C-9FFE-428E-A44C-D1AA30496D5C}.Debug|Any CPU.ActiveCfg = Debug|Any CPU
		{DFE3CB6C-9FFE-428E-A44C-D1AA30496D5C}.Debug|Any CPU.Build.0 = Debug|Any CPU
		{DFE3CB6C-9FFE-428E-A44C-D1AA30496D5C}.Release|Any CPU.ActiveCfg = Release|Any CPU
		{DFE3CB6C-9FFE-428E-A44C-D1AA30496D5C}.Release|Any CPU.Build.0 = Release|Any CPU
		{E7B37753-FE64-4203-8513-ECF9EDB04BCD}.Debug|Any CPU.ActiveCfg = Debug|Any CPU
		{E7B37753-FE64-4203-8513-ECF9EDB04BCD}.Debug|Any CPU.Build.0 = Debug|Any CPU
		{E7B37753-FE64-4203-8513-ECF9EDB04BCD}.Release|Any CPU.ActiveCfg = Release|Any CPU
		{E7B37753-FE64-4203-8513-ECF9EDB04BCD}.Release|Any CPU.Build.0 = Release|Any CPU
		{449DE00B-44D6-4820-9073-D4C6A422F1FA}.Debug|Any CPU.ActiveCfg = Debug|Any CPU
		{449DE00B-44D6-4820-9073-D4C6A422F1FA}.Debug|Any CPU.Build.0 = Debug|Any CPU
		{449DE00B-44D6-4820-9073-D4C6A422F1FA}.Release|Any CPU.ActiveCfg = Release|Any CPU
		{449DE00B-44D6-4820-9073-D4C6A422F1FA}.Release|Any CPU.Build.0 = Release|Any CPU
	EndGlobalSection
	GlobalSection(SolutionProperties) = preSolution
		HideSolutionNode = FALSE
	EndGlobalSection
	GlobalSection(NestedProjects) = preSolution
		{D9246FFD-1DA8-4E5F-B6EC-8D2E310DC7B1} = {42E5AF2F-2D7C-4B34-8DC8-AF7233ED04DE}
		{803D5D5C-D4A0-4C1A-974A-EBC7D73FE9A4} = {17849722-6E2E-4665-9220-910DC89AD2CA}
		{D43E04E4-BEA4-4D53-B3D5-07492F5EFC20} = {17849722-6E2E-4665-9220-910DC89AD2CA}
		{42E5AF2F-2D7C-4B34-8DC8-AF7233ED04DE} = {17849722-6E2E-4665-9220-910DC89AD2CA}
		{08FDED4C-2207-4BBD-8A8C-1BC1FAD952F0} = {803D5D5C-D4A0-4C1A-974A-EBC7D73FE9A4}
		{DFE3CB6C-9FFE-428E-A44C-D1AA30496D5C} = {803D5D5C-D4A0-4C1A-974A-EBC7D73FE9A4}
		{E7B37753-FE64-4203-8513-ECF9EDB04BCD} = {D43E04E4-BEA4-4D53-B3D5-07492F5EFC20}
		{449DE00B-44D6-4820-9073-D4C6A422F1FA} = {D43E04E4-BEA4-4D53-B3D5-07492F5EFC20}
	EndGlobalSection
	GlobalSection(ExtensibilityGlobals) = postSolution
		SolutionGuid = {3ABD533E-5EF5-4783-9D98-65FD9DC37719}
	EndGlobalSection
EndGlobal
